
Microsoft Visual Studio Solution File, Format Version 12.00
# Visual Studio Version 17
VisualStudioVersion = 17.0.31903.59
MinimumVisualStudioVersion = 10.0.40219.1
Project("{2150E333-8FDC-42A3-9474-1A3956D46DE8}") = "src", "src", "{38DF14F9-9093-4B31-AC23-5818D648545C}"
EndProject
Project("{FAE04EC0-301F-11D3-BF4B-00C04F79EFBC}") = "AarshRemote.Agent", "src\AarshRemote.Agent\AarshRemote.Agent.csproj", "{94C62600-5F34-45CA-AE59-599A2B87F1A2}"
EndProject
Project("{2150E333-8FDC-42A3-9474-1A3956D46DE8}") = "tests", "tests", "{115B8291-72F7-4D6A-A8FC-5BEEE16091BE}"
EndProject
Project("{FAE04EC0-301F-11D3-BF4B-00C04F79EFBC}") = "AarshRemote.Agent.Tests", "tests\AarshRemote.Agent.Tests\AarshRemote.Agent.Tests.csproj", "{CEF08735-C11F-4490-9412-C2B444CAEE8F}"
EndProject
Global
	GlobalSection(SolutionConfigurationPlatforms) = preSolution
		Debug|Any CPU = Debug|Any CPU
		Release|Any CPU = Release|Any CPU
	EndGlobalSection
	GlobalSection(SolutionProperties) = preSolution
		HideSolutionNode = FALSE
	EndGlobalSection
	GlobalSection(ProjectConfigurationPlatforms) = postSolution
		{94C62600-5F34-45CA-AE59-599A2B87F1A2}.Debug|Any CPU.ActiveCfg = Debug|Any CPU
		{94C62600-5F34-45CA-AE59-599A2B87F1A2}.Debug|Any CPU.Build.0 = Debug|Any CPU
		{94C62600-5F34-45CA-AE59-599A2B87F1A2}.Release|Any CPU.ActiveCfg = Release|Any CPU
		{94C62600-5F34-45CA-AE59-599A2B87F1A2}.Release|Any CPU.Build.0 = Release|Any CPU
		{CEF08735-C11F-4490-9412-C2B444CAEE8F}.Debug|Any CPU.ActiveCfg = Debug|Any CPU
		{CEF08735-C11F-4490-9412-C2B444CAEE8F}.Debug|Any CPU.Build.0 = Debug|Any CPU
		{CEF08735-C11F-4490-9412-C2B444CAEE8F}.Release|Any CPU.ActiveCfg = Release|Any CPU
		{CEF08735-C11F-4490-9412-C2B444CAEE8F}.Release|Any CPU.Build.0 = Release|Any CPU
	EndGlobalSection
	GlobalSection(NestedProjects) = preSolution
		{94C62600-5F34-45CA-AE59-599A2B87F1A2} = {38DF14F9-9093-4B31-AC23-5818D648545C}
		{CEF08735-C11F-4490-9412-C2B444CAEE8F} = {115B8291-72F7-4D6A-A8FC-5BEEE16091BE}
	EndGlobalSection
EndGlobal
